// !$*UTF8*$!
{
	archiveVersion = 1;
	classes = {
	};
	objectVersion = 46;
	objects = {

/* Begin PBXBuildFile section */
		EE0AE8A325CA4B7B00210BDD /* main.cpp in Sources */ = {isa = PBXBuildFile; fileRef = EE0AE8A225CA4B7B00210BDD /* main.cpp */; };
		EE28BF0C25CE3EDB00D516A9 /* Screen.cpp in Sources */ = {isa = PBXBuildFile; fileRef = EE28BF0A25CE3EDB00D516A9 /* Screen.cpp */; };
		EE85D9C825D0933800110773 /* Swarm.cpp in Sources */ = {isa = PBXBuildFile; fileRef = EE85D9C625D0933800110773 /* Swarm.cpp */; };
		EE9D63DB25CA627100D581E0 /* SDL2.framework in Frameworks */ = {isa = PBXBuildFile; fileRef = EE9D63DA25CA627100D581E0 /* SDL2.framework */; };
		EE9E134625D092F40077BADD /* Particle.cpp in Sources */ = {isa = PBXBuildFile; fileRef = EE9E134425D092F40077BADD /* Particle.cpp */; };
/* End PBXBuildFile section */

/* Begin PBXCopyFilesBuildPhase section */
		EE0AE89D25CA4B7B00210BDD /* CopyFiles */ = {
			isa = PBXCopyFilesBuildPhase;
			buildActionMask = 2147483647;
			dstPath = /usr/share/man/man1/;
			dstSubfolderSpec = 0;
			files = (
			);
			runOnlyForDeploymentPostprocessing = 1;
		};
/* End PBXCopyFilesBuildPhase section */

/* Begin PBXFileReference section */
		EE0AE89F25CA4B7B00210BDD /* Particle */ = {isa = PBXFileReference; explicitFileType = "compiled.mach-o.executable"; includeInIndex = 0; path = Particle; sourceTree = BUILT_PRODUCTS_DIR; };
		EE0AE8A225CA4B7B00210BDD /* main.cpp */ = {isa = PBXFileReference; lastKnownFileType = sourcecode.cpp.cpp; path = main.cpp; sourceTree = "<group>"; };
		EE28BF0A25CE3EDB00D516A9 /* Screen.cpp */ = {isa = PBXFileReference; fileEncoding = 4; lastKnownFileType = sourcecode.cpp.cpp; path = Screen.cpp; sourceTree = "<group>"; };
		EE28BF0B25CE3EDB00D516A9 /* Screen.hpp */ = {isa = PBXFileReference; fileEncoding = 4; lastKnownFileType = sourcecode.cpp.h; path = Screen.hpp; sourceTree = "<group>"; };
		EE85D9C625D0933800110773 /* Swarm.cpp */ = {isa = PBXFileReference; fileEncoding = 4; lastKnownFileType = sourcecode.cpp.cpp; path = Swarm.cpp; sourceTree = "<group>"; };
		EE85D9C725D0933800110773 /* Swarm.hpp */ = {isa = PBXFileReference; fileEncoding = 4; lastKnownFileType = sourcecode.cpp.h; path = Swarm.hpp; sourceTree = "<group>"; };
		EE9D63DA25CA627100D581E0 /* SDL2.framework */ = {isa = PBXFileReference; lastKnownFileType = wrapper.framework; name = SDL2.framework; path = ../../../../../../Library/Frameworks/SDL2.framework; sourceTree = "<group>"; };
		EE9E134425D092F40077BADD /* Particle.cpp */ = {isa = PBXFileReference; fileEncoding = 4; lastKnownFileType = sourcecode.cpp.cpp; path = Particle.cpp; sourceTree = "<group>"; };
		EE9E134525D092F40077BADD /* Particle.hpp */ = {isa = PBXFileReference; fileEncoding = 4; lastKnownFileType = sourcecode.cpp.h; path = Particle.hpp; sourceTree = "<group>"; };
/* End PBXFileReference section */

/* Begin PBXFrameworksBuildPhase section */
		EE0AE89C25CA4B7B00210BDD /* Frameworks */ = {
			isa = PBXFrameworksBuildPhase;
			buildActionMask = 2147483647;
			files = (
				EE9D63DB25CA627100D581E0 /* SDL2.framework in Frameworks */,
			);
			runOnlyForDeploymentPostprocessing = 0;
		};
/* End PBXFrameworksBuildPhase section */

/* Begin PBXGroup section */
		EE0AE89625CA4B7B00210BDD = {
			isa = PBXGroup;
			children = (
				EE0AE8A125CA4B7B00210BDD /* Particle */,
				EE0AE8A025CA4B7B00210BDD /* Products */,
				EE9D63D925CA627100D581E0 /* Frameworks */,
			);
			sourceTree = "<group>";
		};
		EE0AE8A025CA4B7B00210BDD /* Products */ = {
			isa = PBXGroup;
			children = (
				EE0AE89F25CA4B7B00210BDD /* Particle */,
			);
			name = Products;
			sourceTree = "<group>";
		};
		EE0AE8A125CA4B7B00210BDD /* Particle */ = {
			isa = PBXGroup;
			children = (
				EE0AE8A225CA4B7B00210BDD /* main.cpp */,
				EE85D9C625D0933800110773 /* Swarm.cpp */,
				EE85D9C725D0933800110773 /* Swarm.hpp */,
				EE9E134425D092F40077BADD /* Particle.cpp */,
				EE9E134525D092F40077BADD /* Particle.hpp */,
				EE28BF0A25CE3EDB00D516A9 /* Screen.cpp */,
				EE28BF0B25CE3EDB00D516A9 /* Screen.hpp */,
			);
			path = Particle;
			sourceTree = "<group>";
		};
		EE9D63D925CA627100D581E0 /* Frameworks */ = {
			isa = PBXGroup;
			children = (
				EE9D63DA25CA627100D581E0 /* SDL2.framework */,
			);
			name = Frameworks;
			sourceTree = "<group>";
		};
/* End PBXGroup section */

/* Begin PBXNativeTarget section */
		EE0AE89E25CA4B7B00210BDD /* Particle */ = {
			isa = PBXNativeTarget;
			buildConfigurationList = EE0AE8A625CA4B7B00210BDD /* Build configuration list for PBXNativeTarget "Particle" */;
			buildPhases = (
				EE0AE89B25CA4B7B00210BDD /* Sources */,
				EE0AE89C25CA4B7B00210BDD /* Frameworks */,
				EE0AE89D25CA4B7B00210BDD /* CopyFiles */,
			);
			buildRules = (
			);
			dependencies = (
			);
			name = Particle;
			productName = Particle;
			productReference = EE0AE89F25CA4B7B00210BDD /* Particle */;
			productType = "com.apple.product-type.tool";
		};
/* End PBXNativeTarget section */

/* Begin PBXProject section */
		EE0AE89725CA4B7B00210BDD /* Project object */ = {
			isa = PBXProject;
			attributes = {
				LastUpgradeCheck = 0810;
				ORGANIZATIONNAME = "Shaleen Goel";
				TargetAttributes = {
					EE0AE89E25CA4B7B00210BDD = {
						CreatedOnToolsVersion = 8.1;
						ProvisioningStyle = Automatic;
					};
				};
			};
			buildConfigurationList = EE0AE89A25CA4B7B00210BDD /* Build configuration list for PBXProject "Particle" */;
			compatibilityVersion = "Xcode 3.2";
			developmentRegion = English;
			hasScannedForEncodings = 0;
			knownRegions = (
				en,
			);
			mainGroup = EE0AE89625CA4B7B00210BDD;
			productRefGroup = EE0AE8A025CA4B7B00210BDD /* Products */;
			projectDirPath = "";
			projectRoot = "";
			targets = (
				EE0AE89E25CA4B7B00210BDD /* Particle */,
			);
		};
/* End PBXProject section */

/* Begin PBXSourcesBuildPhase section */
		EE0AE89B25CA4B7B00210BDD /* Sources */ = {
			isa = PBXSourcesBuildPhase;
			buildActionMask = 2147483647;
			files = (
				EE85D9C825D0933800110773 /* Swarm.cpp in Sources */,
				EE0AE8A325CA4B7B00210BDD /* main.cpp in Sources */,
				EE9E134625D092F40077BADD /* Particle.cpp in Sources */,
				EE28BF0C25CE3EDB00D516A9 /* Screen.cpp in Sources */,
			);
			runOnlyForDeploymentPostprocessing = 0;
		};
/* End PBXSourcesBuildPhase section */

/* Begin XCBuildConfiguration section */
		EE0AE8A425CA4B7B00210BDD /* Debug */ = {
			isa = XCBuildConfiguration;
			buildSettings = {
				ALWAYS_SEARCH_USER_PATHS = NO;
				CLANG_ANALYZER_NONNULL = YES;
				CLANG_CXX_LANGUAGE_STANDARD = "gnu++0x";
				CLANG_CXX_LIBRARY = "libc++";
				CLANG_ENABLE_MODULES = YES;
				CLANG_ENABLE_OBJC_ARC = YES;
				CLANG_WARN_BOOL_CONVERSION = YES;
				CLANG_WARN_CONSTANT_CONVERSION = YES;
				CLANG_WARN_DIRECT_OBJC_ISA_USAGE = YES_ERROR;
				CLANG_WARN_DOCUMENTATION_COMMENTS = YES;
				CLANG_WARN_EMPTY_BODY = YES;
				CLANG_WARN_ENUM_CONVERSION = YES;
				CLANG_WARN_INFINITE_RECURSION = YES;
				CLANG_WARN_INT_CONVERSION = YES;
				CLANG_WARN_OBJC_ROOT_CLASS = YES_ERROR;
				CLANG_WARN_SUSPICIOUS_MOVES = YES;
				CLANG_WARN_UNREACHABLE_CODE = YES;
				CLANG_WARN__DUPLICATE_METHOD_MATCH = YES;
				CODE_SIGN_IDENTITY = "-";
				COPY_PHASE_STRIP = NO;
				DEBUG_INFORMATION_FORMAT = dwarf;
				ENABLE_STRICT_OBJC_MSGSEND = YES;
				ENABLE_TESTABILITY = YES;
				GCC_C_LANGUAGE_STANDARD = gnu99;
				GCC_DYNAMIC_NO_PIC = NO;
				GCC_NO_COMMON_BLOCKS = YES;
				GCC_OPTIMIZATION_LEVEL = 0;
				GCC_PREPROCESSOR_DEFINITIONS = (
					"DEBUG=1",
					"$(inherited)",
				);
				GCC_WARN_64_TO_32_BIT_CONVERSION = YES;
				GCC_WARN_ABOUT_RETURN_TYPE = YES_ERROR;
				GCC_WARN_UNDECLARED_SELECTOR = YES;
				GCC_WARN_UNINITIALIZED_AUTOS = YES_AGGRESSIVE;
				GCC_WARN_UNUSED_FUNCTION = YES;
				GCC_WARN_UNUSED_VARIABLE = YES;
				MACOSX_DEPLOYMENT_TARGET = 10.13;
				MTL_ENABLE_DEBUG_INFO = YES;
				ONLY_ACTIVE_ARCH = YES;
				SDKROOT = macosx;
			};
			name = Debug;
		};
		EE0AE8A525CA4B7B00210BDD /* Release */ = {
			isa = XCBuildConfiguration;
			buildSettings = {
				ALWAYS_SEARCH_USER_PATHS = NO;
				CLANG_ANALYZER_NONNULL = YES;
				CLANG_CXX_LANGUAGE_STANDARD = "gnu++0x";
				CLANG_CXX_LIBRARY = "libc++";
				CLANG_ENABLE_MODULES = YES;
				CLANG_ENABLE_OBJC_ARC = YES;
				CLANG_WARN_BOOL_CONVERSION = YES;
				CLANG_WARN_CONSTANT_CONVERSION = YES;
				CLANG_WARN_DIRECT_OBJC_ISA_USAGE = YES_ERROR;
				CLANG_WARN_DOCUMENTATION_COMMENTS = YES;
				CLANG_WARN_EMPTY_BODY = YES;
				CLANG_WARN_ENUM_CONVERSION = YES;
				CLANG_WARN_INFINITE_RECURSION = YES;
				CLANG_WARN_INT_CONVERSION = YES;
				CLANG_WARN_OBJC_ROOT_CLASS = YES_ERROR;
				CLANG_WARN_SUSPICIOUS_MOVES = YES;
				CLANG_WARN_UNREACHABLE_CODE = YES;
				CLANG_WARN__DUPLICATE_METHOD_MATCH = YES;
				CODE_SIGN_IDENTITY = "-";
				COPY_PHASE_STRIP = NO;
				DEBUG_INFORMATION_FORMAT = "dwarf-with-dsym";
				ENABLE_NS_ASSERTIONS = NO;
				ENABLE_STRICT_OBJC_MSGSEND = YES;
				GCC_C_LANGUAGE_STANDARD = gnu99;
				GCC_NO_COMMON_BLOCKS = YES;
				GCC_WARN_64_TO_32_BIT_CONVERSION = YES;
				GCC_WARN_ABOUT_RETURN_TYPE = YES_ERROR;
				GCC_WARN_UNDECLARED_SELECTOR = YES;
				GCC_WARN_UNINITIALIZED_AUTOS = YES_AGGRESSIVE;
				GCC_WARN_UNUSED_FUNCTION = YES;
				GCC_WARN_UNUSED_VARIABLE = YES;
				MACOSX_DEPLOYMENT_TARGET = 10.13;
				MTL_ENABLE_DEBUG_INFO = NO;
				SDKROOT = macosx;
			};
			name = Release;
		};
		EE0AE8A725CA4B7B00210BDD /* Debug */ = {
			isa = XCBuildConfiguration;
			buildSettings = {
				FRAMEWORK_SEARCH_PATHS = (
					"$(inherited)",
					"$(LOCAL_LIBRARY_DIR)/Frameworks",
				);
				PRODUCT_NAME = "$(TARGET_NAME)";
			};
			name = Debug;
		};
		EE0AE8A825CA4B7B00210BDD /* Release */ = {
			isa = XCBuildConfiguration;
			buildSettings = {
				FRAMEWORK_SEARCH_PATHS = (
					"$(inherited)",
					"$(LOCAL_LIBRARY_DIR)/Frameworks",
				);
				PRODUCT_NAME = "$(TARGET_NAME)";
			};
			name = Release;
		};
/* End XCBuildConfiguration section */

/* Begin XCConfigurationList section */
		EE0AE89A25CA4B7B00210BDD /* Build configuration list for PBXProject "Particle" */ = {
			isa = XCConfigurationList;
			buildConfigurations = (
				EE0AE8A425CA4B7B00210BDD /* Debug */,
				EE0AE8A525CA4B7B00210BDD /* Release */,
			);
			defaultConfigurationIsVisible = 0;
			defaultConfigurationName = Release;
		};
		EE0AE8A625CA4B7B00210BDD /* Build configuration list for PBXNativeTarget "Particle" */ = {
			isa = XCConfigurationList;
			buildConfigurations = (
				EE0AE8A725CA4B7B00210BDD /* Debug */,
				EE0AE8A825CA4B7B00210BDD /* Release */,
			);
			defaultConfigurationIsVisible = 0;
			defaultConfigurationName = Release;
		};
/* End XCConfigurationList section */
	};
	rootObject = EE0AE89725CA4B7B00210BDD /* Project object */;
}
